
Microsoft Visual Studio Solution File, Format Version 12.00
# Visual Studio 15
VisualStudioVersion = 15.0.28307.852
MinimumVisualStudioVersion = 10.0.40219.1
Project("{FAE04EC0-301F-11D3-BF4B-00C04F79EFBC}") = "Hesap Makinemiz", "Hesap Makinemiz\Hesap Makinemiz.csproj", "{B78F3391-702E-4756-B271-F1DF2B6B1ECC}"
EndProject
Global
	GlobalSection(SolutionConfigurationPlatforms) = preSolution
		Debug|Any CPU = Debug|Any CPU
		Release|Any CPU = Release|Any CPU
	EndGlobalSection
	GlobalSection(ProjectConfigurationPlatforms) = postSolution
		{B78F3391-702E-4756-B271-F1DF2B6B1ECC}.Debug|Any CPU.ActiveCfg = Debug|Any CPU
		{B78F3391-702E-4756-B271-F1DF2B6B1ECC}.Debug|Any CPU.Build.0 = Debug|Any CPU
		{B78F3391-702E-4756-B271-F1DF2B6B1ECC}.Release|Any CPU.ActiveCfg = Release|Any CPU
		{B78F3391-702E-4756-B271-F1DF2B6B1ECC}.Release|Any CPU.Build.0 = Release|Any CPU
	EndGlobalSection
	GlobalSection(SolutionProperties) = preSolution
		HideSolutionNode = FALSE
	EndGlobalSection
	GlobalSection(ExtensibilityGlobals) = postSolution
		SolutionGuid = {34CBBE86-E1E3-42A6-8400-F6E3BEF22FBD}
	EndGlobalSection
EndGlobal
